
Microsoft Visual Studio Solution File, Format Version 12.00
# Visual Studio Version 16
VisualStudioVersion = 16.0.33214.272
MinimumVisualStudioVersion = 10.0.40219.1
Project("{FAE04EC0-301F-11D3-BF4B-00C04F79EFBC}") = "fag_intex", "fag_intex.csproj", "{3EF69717-03C3-4B00-9768-32C177D332FE}"
EndProject
Global
	GlobalSection(SolutionConfigurationPlatforms) = preSolution
		Debug|Any CPU = Debug|Any CPU
		Release|Any CPU = Release|Any CPU
	EndGlobalSection
	GlobalSection(ProjectConfigurationPlatforms) = postSolution
		{3EF69717-03C3-4B00-9768-32C177D332FE}.Debug|Any CPU.ActiveCfg = Debug|Any CPU
		{3EF69717-03C3-4B00-9768-32C177D332FE}.Debug|Any CPU.Build.0 = Debug|Any CPU
		{3EF69717-03C3-4B00-9768-32C177D332FE}.Release|Any CPU.ActiveCfg = Release|Any CPU
		{3EF69717-03C3-4B00-9768-32C177D332FE}.Release|Any CPU.Build.0 = Release|Any CPU
	EndGlobalSection
	GlobalSection(SolutionProperties) = preSolution
		HideSolutionNode = FALSE
	EndGlobalSection
	GlobalSection(ExtensibilityGlobals) = postSolution
		SolutionGuid = {A66FF63C-3919-4DEE-B14F-C07514C92425}
	EndGlobalSection
EndGlobal
